
Microsoft Visual Studio Solution File, Format Version 12.00
# Visual Studio Version 17
VisualStudioVersion = 17.4.33205.214
MinimumVisualStudioVersion = 10.0.40219.1
Project("{888888A0-9F3D-457C-B088-3A5042F75D52}") = "kontrolitöö-", "kontrolitöö-\kontrolitöö-.pyproj", "{FD7483E3-FDDE-463B-9EA9-01C02F78C7FB}"
EndProject
Global
	GlobalSection(SolutionConfigurationPlatforms) = preSolution
		Debug|Any CPU = Debug|Any CPU
		Release|Any CPU = Release|Any CPU
	EndGlobalSection
	GlobalSection(ProjectConfigurationPlatforms) = postSolution
		{FD7483E3-FDDE-463B-9EA9-01C02F78C7FB}.Debug|Any CPU.ActiveCfg = Debug|Any CPU
		{FD7483E3-FDDE-463B-9EA9-01C02F78C7FB}.Release|Any CPU.ActiveCfg = Release|Any CPU
	EndGlobalSection
	GlobalSection(SolutionProperties) = preSolution
		HideSolutionNode = FALSE
	EndGlobalSection
	GlobalSection(ExtensibilityGlobals) = postSolution
		SolutionGuid = {862D980C-C6B8-4E6C-92CE-1FEDA3BE57CF}
	EndGlobalSection
EndGlobal
